
Microsoft Visual Studio Solution File, Format Version 12.00
# Visual Studio Version 16
VisualStudioVersion = 16.0.32413.511
MinimumVisualStudioVersion = 10.0.40219.1
Project("{FAE04EC0-301F-11D3-BF4B-00C04F79EFBC}") = "PlayerGameSimulator", "PlayerGameSimulator\PlayerGameSimulator.csproj", "{2DA5DCBE-A293-44EA-A659-076A2CED5DDF}"
EndProject
Global
	GlobalSection(SolutionConfigurationPlatforms) = preSolution
		Debug|Any CPU = Debug|Any CPU
		Release|Any CPU = Release|Any CPU
	EndGlobalSection
	GlobalSection(ProjectConfigurationPlatforms) = postSolution
		{2DA5DCBE-A293-44EA-A659-076A2CED5DDF}.Debug|Any CPU.ActiveCfg = Debug|Any CPU
		{2DA5DCBE-A293-44EA-A659-076A2CED5DDF}.Debug|Any CPU.Build.0 = Debug|Any CPU
		{2DA5DCBE-A293-44EA-A659-076A2CED5DDF}.Release|Any CPU.ActiveCfg = Release|Any CPU
		{2DA5DCBE-A293-44EA-A659-076A2CED5DDF}.Release|Any CPU.Build.0 = Release|Any CPU
	EndGlobalSection
	GlobalSection(SolutionProperties) = preSolution
		HideSolutionNode = FALSE
	EndGlobalSection
	GlobalSection(ExtensibilityGlobals) = postSolution
		SolutionGuid = {C805BFDD-8DC0-4333-ACB8-6C78D41DCB6D}
	EndGlobalSection
EndGlobal
